# This file is generated by running "yarn install" inside your project.
# Manual changes might be lost - proceed with caution!

__metadata:
  version: 6
  cacheKey: 8

"@discordjs/builders@npm:^0.11.0":
  version: 0.11.0
  resolution: "@discordjs/builders@npm:0.11.0"
  dependencies:
    "@sindresorhus/is": ^4.2.0
    discord-api-types: ^0.26.0
    ts-mixer: ^6.0.0
    tslib: ^2.3.1
    zod: ^3.11.6
  checksum: 7a25b59bb52d2e3695bca27946a99cf2de95b7edd5be424ea9f4707a465524be21263e25e532e12438e99f9f55fb98b033885c760aeb96424b8c12f663f50760
  languageName: node
  linkType: hard

"@discordjs/collection@npm:^0.4.0":
  version: 0.4.0
  resolution: "@discordjs/collection@npm:0.4.0"
  checksum: fa8fc4246921f3230eb6c5d6d4dc0caf9dd659fcc903175944edf4fb0a9ed9913fdf164733d3f1e644ef469bc79b0d38a526ee620b92169cb40e79b40b0c716b
  languageName: node
  linkType: hard

"@discordjs/collection@npm:^0.5.0":
  version: 0.5.0
  resolution: "@discordjs/collection@npm:0.5.0"
  checksum: a228979bb5f955cf095ce47441c55d0196cd99ff8484b57d26a45e58506c6646d776a98a9e11b822aab4e15fb2ac1aecfdebc63cde8ab7d04d3d74b716e80144
  languageName: node
  linkType: hard

"@prisma/client@npm:^3.10.0":
  version: 3.10.0
  resolution: "@prisma/client@npm:3.10.0"
  dependencies:
    "@prisma/engines-version": 3.10.0-50.73e60b76d394f8d37d8ebd1f8918c79029f0db86
  peerDependencies:
    prisma: "*"
  peerDependenciesMeta:
    prisma:
      optional: true
  checksum: c9fe863abfbcecff6b26c2fc4c93de77fd11c8209e91b8e2cba13ba3f0866d228eb5e92fac43e1f75497b652db54cb5e309320c3d51e603a4ecb4125dbf3a872
  languageName: node
  linkType: hard

"@prisma/engines-version@npm:3.10.0-50.73e60b76d394f8d37d8ebd1f8918c79029f0db86":
  version: 3.10.0-50.73e60b76d394f8d37d8ebd1f8918c79029f0db86
  resolution: "@prisma/engines-version@npm:3.10.0-50.73e60b76d394f8d37d8ebd1f8918c79029f0db86"
  checksum: ddcb3bfdab61ac74e2df9e57562ccc7f0eb863955c8cf711f52f45572168f65e030e5070dfc9fc2e37d916b97b236576006b5cd56c813257a96b825c598e79fa
  languageName: node
  linkType: hard

"@prisma/engines@npm:3.10.0-50.73e60b76d394f8d37d8ebd1f8918c79029f0db86":
  version: 3.10.0-50.73e60b76d394f8d37d8ebd1f8918c79029f0db86
  resolution: "@prisma/engines@npm:3.10.0-50.73e60b76d394f8d37d8ebd1f8918c79029f0db86"
  checksum: 7faa8659dd72e70f9b24be291e3660d086d5b2ee1b6557bf783100a2efaf4f7087882196191c845f96c3953a55ea8bcb03110af98a18e803b90084c0c2211444
  languageName: node
  linkType: hard

"@sapphire/async-queue@npm:^1.1.9":
  version: 1.3.0
  resolution: "@sapphire/async-queue@npm:1.3.0"
  checksum: 267a3970ac93aaffc9886582c39ca23a345e8d472042200635044d7e5c48f615d389623de5e6679c4fa335b554357faf872e1e32098b33e5d700099345d29559
  languageName: node
  linkType: hard

"@sapphire/decorators@npm:^4.3.1":
  version: 4.3.1
  resolution: "@sapphire/decorators@npm:4.3.1"
  dependencies:
    tslib: ^2.3.1
  checksum: 68fd52adec109307a34b68764a324f5a541a2d2a5604133249e40bd109925388e723558fd697c49953d51ac337bbfe6466d930f01e8f5851404077f5921d2fc5
  languageName: node
  linkType: hard

"@sapphire/discord-utilities@npm:^2.10.0":
  version: 2.10.0
  resolution: "@sapphire/discord-utilities@npm:2.10.0"
  dependencies:
    twemoji-parser: ^13.1.0
  checksum: 36d161704a9046ae26a6b6e55eca0af3ad49b22c33782792e126f429cc6bc278cef459f77c261969ea4d30c049aa3631ce0c31ba08b0a87babf47aa8a3cb52e8
  languageName: node
  linkType: hard

"@sapphire/discord.js-utilities@npm:^4.9.0":
  version: 4.9.0
  resolution: "@sapphire/discord.js-utilities@npm:4.9.0"
  dependencies:
    "@sapphire/discord-utilities": ^2.10.0
    "@sapphire/time-utilities": ^1.7.0
    "@sapphire/utilities": ^3.4.0
    tslib: ^2.3.1
  checksum: 6ec4b35a087ddaaf408197fd96dff40cc2fe04d8dabe98fd3b352739f5d8153fed0293c6ecdab34117b5f57e4efea04aa1c8deb6c787bb2d45cdc58c1d7b7ea9
  languageName: node
  linkType: hard

"@sapphire/framework@npm:next":
  version: 3.0.0-next.98b2a8b.0
  resolution: "@sapphire/framework@npm:3.0.0-next.98b2a8b.0"
  dependencies:
    "@sapphire/discord-utilities": ^2.10.0
    "@sapphire/discord.js-utilities": ^4.9.0
    "@sapphire/pieces": ^3.3.0
    "@sapphire/ratelimits": ^2.4.0
    "@sapphire/result": ^1.1.0
    "@sapphire/stopwatch": ^1.4.0
    "@sapphire/utilities": ^3.4.0
    lexure: ^0.17.0
    tslib: ^2.3.1
  checksum: bfbde109ca57502863c8fae28be65394c4c47109b6f9fa8f610b5c0da704f12815f99c04d91c62c19bb9b81eaa4aed0de4577556982f0d612fc706d74125e4aa
  languageName: node
  linkType: hard

"@sapphire/pieces@npm:^3.3.0":
  version: 3.3.0
  resolution: "@sapphire/pieces@npm:3.3.0"
  dependencies:
    "@discordjs/collection": ^0.5.0
    "@sapphire/utilities": ^3.4.0
    tslib: ^2.3.1
  checksum: cd1debbc200b29dd051ce7828754a6f60d0835c0d17eb5f12f7752aa4cd18cb06a925ef06d047139de50243e80855db64dc73c99136281b90d8d49b209b4731c
  languageName: node
  linkType: hard

"@sapphire/ratelimits@npm:^2.4.0":
  version: 2.4.0
  resolution: "@sapphire/ratelimits@npm:2.4.0"
  dependencies:
    "@sapphire/time-utilities": ^1.7.0
  checksum: f29ddc21033e48304fc578d293162232aed856f537da5bfe91e0936d488c93fb6d4e4785789a4273ef3c08cf523ae69091e4a0378d9e4192faf093f705421a72
  languageName: node
  linkType: hard

"@sapphire/result@npm:^1.1.0":
  version: 1.1.0
  resolution: "@sapphire/result@npm:1.1.0"
  checksum: 5e838f54c2376d2992ca2d7f0ca13b22e849120f07b834ce9349c9d47e9e730ba1a04c72073d22f63a18eae0c89eca23bdc487e8d18113b654c62137c625cf79
  languageName: node
  linkType: hard

"@sapphire/stopwatch@npm:^1.4.0":
  version: 1.4.0
  resolution: "@sapphire/stopwatch@npm:1.4.0"
  dependencies:
    tslib: ^2.3.1
  checksum: 8e3c92c4643f20284d6591ac20f6231ff2562c66e39cd5ad962208cfb661d1dd04e4ac13813013e892b99d83524317fdee2df6f27fa5464f56164f1fd1034b8a
  languageName: node
  linkType: hard

"@sapphire/time-utilities@npm:^1.7.0":
  version: 1.7.0
  resolution: "@sapphire/time-utilities@npm:1.7.0"
  dependencies:
    "@sapphire/utilities": ^3.4.0
  checksum: af2efcd9489bec41bd8cff8c5b8d567651d13767d2dcdcb421e60d3bda510e1c06c1e2b87d06f15d42ea81690edec7fa6c448fc4926f47d03d7a6cede2e2899a
  languageName: node
  linkType: hard

"@sapphire/utilities@npm:^3.4.0":
  version: 3.4.0
  resolution: "@sapphire/utilities@npm:3.4.0"
  checksum: b17a172a9e277da3437a2994cfcefd298a4e9c7cfc9c6dbaa1cc00050ca991446de9bca231da46d62e6d8c0e7e4c2350d32308e0961a2260de9dfd33b965ae42
  languageName: node
  linkType: hard

"@sindresorhus/is@npm:^4.2.0":
  version: 4.2.0
  resolution: "@sindresorhus/is@npm:4.2.0"
  checksum: 59040dfb75c2eb6ab76e8c7ac10b7f7f6ba740f0b5ac618a89a8bcdbaf923836a8e998078d59d81f6f13f4b6bbe15bfe1bca962c877edcbe9160d1c100c56fd7
  languageName: node
  linkType: hard

"@types/glob@npm:*":
  version: 7.1.4
  resolution: "@types/glob@npm:7.1.4"
  dependencies:
    "@types/minimatch": "*"
    "@types/node": "*"
  checksum: 6911a956448f5eddea1e4371f814bf92072e8ceedba83de6ce2a6745938a6f0327376e1c0072fa0d7b3b73d84e255aafda53c1dff148225cfe542a8cc5d54b02
  languageName: node
  linkType: hard

"@types/minimatch@npm:*":
  version: 3.0.5
  resolution: "@types/minimatch@npm:3.0.5"
  checksum: c41d136f67231c3131cf1d4ca0b06687f4a322918a3a5adddc87ce90ed9dbd175a3610adee36b106ae68c0b92c637c35e02b58c8a56c424f71d30993ea220b92
  languageName: node
  linkType: hard

"@types/node-fetch@npm:^2.5.12":
  version: 2.5.12
  resolution: "@types/node-fetch@npm:2.5.12"
  dependencies:
    "@types/node": "*"
    form-data: ^3.0.0
  checksum: ad63c85ba6a9477b8e057ec8682257738130d98e8ece4e31141789bd99df9d9147985cc8bc0cb5c8983ed5aa6bb95d46df23d1e055f4ad5cf8b82fc69cf626c7
  languageName: node
  linkType: hard

"@types/node@npm:*":
  version: 16.11.0
  resolution: "@types/node@npm:16.11.0"
  checksum: 194ae80ec72f664e15e03c33f116be96aa1e85b167a19e31003c53ddfc36dabd65744e9a76c1d46b7ce2e5981d2ccb8e84a85c3ec9ac89f1471daaa885bdcfd0
  languageName: node
  linkType: hard

"@types/rimraf@npm:^3.0.2":
  version: 3.0.2
  resolution: "@types/rimraf@npm:3.0.2"
  dependencies:
    "@types/glob": "*"
    "@types/node": "*"
  checksum: b47fa302f46434cba704d20465861ad250df79467d3d289f9d6490d3aeeb41e8cb32dd80bd1a8fd833d1e185ac719fbf9be12e05ad9ce9be094d8ee8f1405347
  languageName: node
  linkType: hard

"@types/ws@npm:^8.2.2":
  version: 8.5.2
  resolution: "@types/ws@npm:8.5.2"
  dependencies:
    "@types/node": "*"
  checksum: 3182db3a84474636cd990482b451c1e247bb2c4524eb85f937e3734c9600af34dfc07f9a2d973d4a39dfe433339f9afd8c5824e32a597e7cffba475cbbd487c9
  languageName: node
  linkType: hard

"asynckit@npm:^0.4.0":
  version: 0.4.0
  resolution: "asynckit@npm:0.4.0"
  checksum: 7b78c451df768adba04e2d02e63e2d0bf3b07adcd6e42b4cf665cb7ce899bedd344c69a1dcbce355b5f972d597b25aaa1c1742b52cffd9caccb22f348114f6be
  languageName: node
  linkType: hard

"balanced-match@npm:^1.0.0":
  version: 1.0.2
  resolution: "balanced-match@npm:1.0.2"
  checksum: 9706c088a283058a8a99e0bf91b0a2f75497f185980d9ffa8b304de1d9e58ebda7c72c07ebf01dadedaac5b2907b2c6f566f660d62bd336c3468e960403b9d65
  languageName: node
  linkType: hard

"brace-expansion@npm:^1.1.7":
  version: 1.1.11
  resolution: "brace-expansion@npm:1.1.11"
  dependencies:
    balanced-match: ^1.0.0
    concat-map: 0.0.1
  checksum: faf34a7bb0c3fcf4b59c7808bc5d2a96a40988addf2e7e09dfbb67a2251800e0d14cd2bfc1aa79174f2f5095c54ff27f46fb1289fe2d77dac755b5eb3434cc07
  languageName: node
  linkType: hard

"combined-stream@npm:^1.0.8":
  version: 1.0.8
  resolution: "combined-stream@npm:1.0.8"
  dependencies:
    delayed-stream: ~1.0.0
  checksum: 49fa4aeb4916567e33ea81d088f6584749fc90c7abec76fd516bf1c5aa5c79f3584b5ba3de6b86d26ddd64bae5329c4c7479343250cfe71c75bb366eae53bb7c
  languageName: node
  linkType: hard

"concat-map@npm:0.0.1":
  version: 0.0.1
  resolution: "concat-map@npm:0.0.1"
  checksum: 902a9f5d8967a3e2faf138d5cb784b9979bad2e6db5357c5b21c568df4ebe62bcb15108af1b2253744844eb964fc023fbd9afbbbb6ddd0bcc204c6fb5b7bf3af
  languageName: node
  linkType: hard

"croner@npm:^4.3.1":
  version: 4.3.1
  resolution: "croner@npm:4.3.1"
  checksum: bb2e1b78d3892437c3a380326ac1e7d3325e60f31b6dfc111b24f5f0822df89aa83052af401822b673f68a4721ce592f637188bfd3bb2b1c3dfc6f512a1a1728
  languageName: node
  linkType: hard

"delayed-stream@npm:~1.0.0":
  version: 1.0.0
  resolution: "delayed-stream@npm:1.0.0"
  checksum: 46fe6e83e2cb1d85ba50bd52803c68be9bd953282fa7096f51fc29edd5d67ff84ff753c51966061e5ba7cb5e47ef6d36a91924eddb7f3f3483b1c560f77a0020
  languageName: node
  linkType: hard

"discord-api-types@npm:^0.26.0":
  version: 0.26.1
  resolution: "discord-api-types@npm:0.26.1"
  checksum: e53bfa7589b24108e6b403dbe213da34c4592f72e2b8fde6800dcb6c703065887ecbd644e1cdf694e4c7796954bc51462ced868f26ec45dc1e0dc4fa8d3c723c
  languageName: node
  linkType: hard

"discord.js@npm:^13.6.0":
  version: 13.6.0
  resolution: "discord.js@npm:13.6.0"
  dependencies:
    "@discordjs/builders": ^0.11.0
    "@discordjs/collection": ^0.4.0
    "@sapphire/async-queue": ^1.1.9
    "@types/node-fetch": ^2.5.12
    "@types/ws": ^8.2.2
    discord-api-types: ^0.26.0
    form-data: ^4.0.0
    node-fetch: ^2.6.1
    ws: ^8.4.0
  checksum: 59c1297fbebf9b25c90ea125808bc9177c134fd7c481f82ace636ab88cfdc90bc6ec777c844d375d26231fc1664a67e80a1aad2aed484b808e4cd7d55cc1d9e3
  languageName: node
  linkType: hard

"dotenv@npm:^16.0.0":
  version: 16.0.0
  resolution: "dotenv@npm:16.0.0"
  checksum: 664cebb51f0a9a1d1b930f51f0271e72e26d62feaecc9dc03df39453dd494b4e724809ca480fb3ec3213382b1ed3f791aaeb83569a137f9329ce58efd4853dbf
  languageName: node
  linkType: hard

"eventemitter3@npm:^4.0.7":
  version: 4.0.7
  resolution: "eventemitter3@npm:4.0.7"
  checksum: 1875311c42fcfe9c707b2712c32664a245629b42bb0a5a84439762dd0fd637fc54d078155ea83c2af9e0323c9ac13687e03cfba79b03af9f40c89b4960099374
  languageName: node
  linkType: hard

"form-data@npm:^3.0.0":
  version: 3.0.1
  resolution: "form-data@npm:3.0.1"
  dependencies:
    asynckit: ^0.4.0
    combined-stream: ^1.0.8
    mime-types: ^2.1.12
  checksum: b019e8d35c8afc14a2bd8a7a92fa4f525a4726b6d5a9740e8d2623c30e308fbb58dc8469f90415a856698933c8479b01646a9dff33c87cc4e76d72aedbbf860d
  languageName: node
  linkType: hard

"form-data@npm:^4.0.0":
  version: 4.0.0
  resolution: "form-data@npm:4.0.0"
  dependencies:
    asynckit: ^0.4.0
    combined-stream: ^1.0.8
    mime-types: ^2.1.12
  checksum: 01135bf8675f9d5c61ff18e2e2932f719ca4de964e3be90ef4c36aacfc7b9cb2fceb5eca0b7e0190e3383fe51c5b37f4cb80b62ca06a99aaabfcfd6ac7c9328c
  languageName: node
  linkType: hard

"fs.realpath@npm:^1.0.0":
  version: 1.0.0
  resolution: "fs.realpath@npm:1.0.0"
  checksum: 99ddea01a7e75aa276c250a04eedeffe5662bce66c65c07164ad6264f9de18fb21be9433ead460e54cff20e31721c811f4fb5d70591799df5f85dce6d6746fd0
  languageName: node
  linkType: hard

"glob@npm:^7.1.3":
  version: 7.2.0
  resolution: "glob@npm:7.2.0"
  dependencies:
    fs.realpath: ^1.0.0
    inflight: ^1.0.4
    inherits: 2
    minimatch: ^3.0.4
    once: ^1.3.0
    path-is-absolute: ^1.0.0
  checksum: 78a8ea942331f08ed2e055cb5b9e40fe6f46f579d7fd3d694f3412fe5db23223d29b7fee1575440202e9a7ff9a72ab106a39fee39934c7bedafe5e5f8ae20134
  languageName: node
  linkType: hard

"inflight@npm:^1.0.4":
  version: 1.0.6
  resolution: "inflight@npm:1.0.6"
  dependencies:
    once: ^1.3.0
    wrappy: 1
  checksum: f4f76aa072ce19fae87ce1ef7d221e709afb59d445e05d47fba710e85470923a75de35bfae47da6de1b18afc3ce83d70facf44cfb0aff89f0a3f45c0a0244dfd
  languageName: node
  linkType: hard

"inherits@npm:2":
  version: 2.0.4
  resolution: "inherits@npm:2.0.4"
  checksum: 4a48a733847879d6cf6691860a6b1e3f0f4754176e4d71494c41f3475553768b10f84b5ce1d40fbd0e34e6bfbb864ee35858ad4dd2cf31e02fc4a154b724d7f1
  languageName: node
  linkType: hard

"lexure@npm:^0.17.0":
  version: 0.17.0
  resolution: "lexure@npm:0.17.0"
  checksum: 95797b0ada9452bcdfdd30997572ab1673de1b2583a5af2fa309aa3587ec3b95ba361880b333ed446a6b0f07764b6d8d2cf1d72083c61fa9f96c06181f194453
  languageName: node
  linkType: hard

"mime-db@npm:1.50.0":
  version: 1.50.0
  resolution: "mime-db@npm:1.50.0"
  checksum: 95fcc19c3664ae72391c8a7e4015dde7fb6817c98c951493ca3a1d48050feb8ee08810a372ce7d9e16310042d26e5bda168916f600583a9a583655eeea8ff5f5
  languageName: node
  linkType: hard

"mime-types@npm:^2.1.12":
  version: 2.1.33
  resolution: "mime-types@npm:2.1.33"
  dependencies:
    mime-db: 1.50.0
  checksum: 05f2a0b3f169fbc51d79bdc7674ceb379dd07dbeadb0143059a7def865224686ee9f9051aeb340e98b6c11dbc06794ce0122181db4312cb1ad054fd90b0d510e
  languageName: node
  linkType: hard

"minimatch@npm:^3.0.4":
  version: 3.0.4
  resolution: "minimatch@npm:3.0.4"
  dependencies:
    brace-expansion: ^1.1.7
  checksum: 66ac295f8a7b59788000ea3749938b0970344c841750abd96694f80269b926ebcafad3deeb3f1da2522978b119e6ae3a5869b63b13a7859a456b3408bd18a078
  languageName: node
  linkType: hard

"node-fetch@npm:^2.6.1":
  version: 2.6.7
  resolution: "node-fetch@npm:2.6.7"
  dependencies:
    whatwg-url: ^5.0.0
  peerDependencies:
    encoding: ^0.1.0
  peerDependenciesMeta:
    encoding:
      optional: true
  checksum: 8d816ffd1ee22cab8301c7756ef04f3437f18dace86a1dae22cf81db8ef29c0bf6655f3215cb0cdb22b420b6fe141e64b26905e7f33f9377a7fa59135ea3e10b
  languageName: node
  linkType: hard

"once@npm:^1.3.0":
  version: 1.4.0
  resolution: "once@npm:1.4.0"
  dependencies:
    wrappy: 1
  checksum: cd0a88501333edd640d95f0d2700fbde6bff20b3d4d9bdc521bdd31af0656b5706570d6c6afe532045a20bb8dc0849f8332d6f2a416e0ba6d3d3b98806c7db68
  languageName: node
  linkType: hard

"p-queue@npm:^7.2.0":
  version: 7.2.0
  resolution: "p-queue@npm:7.2.0"
  dependencies:
    eventemitter3: ^4.0.7
    p-timeout: ^5.0.2
  checksum: 53630ee58a96558f8a835a56679cec7caca4db08724167f009cd04811f24911e9de0804f1dfea68fe7e6b29c8cd727d50b0273d8e943fed09e305656994e57c8
  languageName: node
  linkType: hard

"p-timeout@npm:^5.0.2":
  version: 5.0.2
  resolution: "p-timeout@npm:5.0.2"
  checksum: 69eda717e2cbc3d831617a805e069ce69f8cbf51b70f1d1760d3d118536c6b891bbc74f758a4e0d337180ff053f65cdbfc9f5dd04f368ab38173e76f47cf13a8
  languageName: node
  linkType: hard

"parse-ms@npm:^2.1.0":
  version: 2.1.0
  resolution: "parse-ms@npm:2.1.0"
  checksum: d5c66c76cca8df5bd0574e2d11b9c3752893b59b466e74308d4a2f09760dc5436a1633f549cad300fc8c3c19154d14959a3b8333d3b2f7bd75898fe18149d564
  languageName: node
  linkType: hard

"path-is-absolute@npm:^1.0.0":
  version: 1.0.1
  resolution: "path-is-absolute@npm:1.0.1"
  checksum: 060840f92cf8effa293bcc1bea81281bd7d363731d214cbe5c227df207c34cd727430f70c6037b5159c8a870b9157cba65e775446b0ab06fd5ecc7e54615a3b8
  languageName: node
  linkType: hard

"pretty-ms@npm:^7.0.1":
  version: 7.0.1
  resolution: "pretty-ms@npm:7.0.1"
  dependencies:
    parse-ms: ^2.1.0
  checksum: d76c4920283b48be91f1d3797a2ce4bd51187d58d2a609ae993c028f73c92d16439449d857af57ccad91ae3a38b30c87307f5589749a056102ebb494c686957e
  languageName: node
  linkType: hard

"prisma@npm:^3.10.0":
  version: 3.10.0
  resolution: "prisma@npm:3.10.0"
  dependencies:
    "@prisma/engines": 3.10.0-50.73e60b76d394f8d37d8ebd1f8918c79029f0db86
  bin:
    prisma: build/index.js
    prisma2: build/index.js
  checksum: da693ebd69ec5f5a8132a86f1c6e300033a5ea869016e19364f514fdda6143f0d6236982a26b431313f06fecfaa2d1bd82eac3ebbf5b58082271f1a65c8a683d
  languageName: node
  linkType: hard

"rimraf@npm:^3.0.2":
  version: 3.0.2
  resolution: "rimraf@npm:3.0.2"
  dependencies:
    glob: ^7.1.3
  bin:
    rimraf: bin.js
  checksum: 87f4164e396f0171b0a3386cc1877a817f572148ee13a7e113b238e48e8a9f2f31d009a92ec38a591ff1567d9662c6b67fd8818a2dbbaed74bc26a87a2a4a9a0
  languageName: node
  linkType: hard

"sakura@workspace:.":
  version: 0.0.0-use.local
  resolution: "sakura@workspace:."
  dependencies:
    "@prisma/client": ^3.10.0
    "@sapphire/decorators": ^4.3.1
    "@sapphire/framework": next
    "@types/rimraf": ^3.0.2
    croner: ^4.3.1
    discord.js: ^13.6.0
    dotenv: ^16.0.0
    p-queue: ^7.2.0
    pretty-ms: ^7.0.1
    prisma: ^3.10.0
    rimraf: ^3.0.2
    type-fest: ^2.12.0
    typescript: ^4.6.2
  languageName: unknown
  linkType: soft

"tr46@npm:~0.0.3":
  version: 0.0.3
  resolution: "tr46@npm:0.0.3"
  checksum: 726321c5eaf41b5002e17ffbd1fb7245999a073e8979085dacd47c4b4e8068ff5777142fc6726d6ca1fd2ff16921b48788b87225cbc57c72636f6efa8efbffe3
  languageName: node
  linkType: hard

"ts-mixer@npm:^6.0.0":
  version: 6.0.0
  resolution: "ts-mixer@npm:6.0.0"
  checksum: 791a513c9ca318a979928f5265fd6029858fa21595153a9386063c11239a6b1c352db1e277c19f0544d017a67cf78d120a7438b86b2c828b1115eb607538eff8
  languageName: node
  linkType: hard

"tslib@npm:^2.3.1":
  version: 2.3.1
  resolution: "tslib@npm:2.3.1"
  checksum: de17a98d4614481f7fcb5cd53ffc1aaf8654313be0291e1bfaee4b4bb31a20494b7d218ff2e15017883e8ea9626599b3b0e0229c18383ba9dce89da2adf15cb9
  languageName: node
  linkType: hard

"twemoji-parser@npm:^13.1.0":
  version: 13.1.0
  resolution: "twemoji-parser@npm:13.1.0"
  checksum: 8046ce003c03dd92d68c2648cfbfa39c659fca4f05c10da8d14957985dc3c0c680f3ecf2de8245dc1ddffedc5b2a675f2032053e1e77cc7474301a88fe192ad3
  languageName: node
  linkType: hard

"type-fest@npm:^2.12.0":
  version: 2.12.0
  resolution: "type-fest@npm:2.12.0"
  checksum: 3ebe6529db84c7ceb579a0c693b92c4bf83fa5a78b5d6a1d3c2138696ad69e0a1ebc7e1b707ee0a2a6bd5aef71bf2bf4fc6fc81a6c752330e10faf0deea80f05
  languageName: node
  linkType: hard

"typescript@npm:^4.6.2":
  version: 4.6.2
  resolution: "typescript@npm:4.6.2"
  bin:
    tsc: bin/tsc
    tsserver: bin/tsserver
  checksum: 8a44ed7e6f6c4cb1ebe8cf236ecda2fb119d84dcf0fbd77e707b2dfea1bbcfc4e366493a143513ce7f57203c75da9d4e20af6fe46de89749366351046be7577c
  languageName: node
  linkType: hard

"typescript@patch:typescript@^4.6.2#~builtin<compat/typescript>":
  version: 4.6.2
  resolution: "typescript@patch:typescript@npm%3A4.6.2#~builtin<compat/typescript>::version=4.6.2&hash=bda367"
  bin:
    tsc: bin/tsc
    tsserver: bin/tsserver
  checksum: 40b493a71747fb89fa70df104e2c4a5e284b43750af5bea024090a5261cefa387f7a9372411b13030f7bf5555cee4275443d08805642ae5c74ef76740854a4c7
  languageName: node
  linkType: hard

"webidl-conversions@npm:^3.0.0":
  version: 3.0.1
  resolution: "webidl-conversions@npm:3.0.1"
  checksum: c92a0a6ab95314bde9c32e1d0a6dfac83b578f8fa5f21e675bc2706ed6981bc26b7eb7e6a1fab158e5ce4adf9caa4a0aee49a52505d4d13c7be545f15021b17c
  languageName: node
  linkType: hard

"whatwg-url@npm:^5.0.0":
  version: 5.0.0
  resolution: "whatwg-url@npm:5.0.0"
  dependencies:
    tr46: ~0.0.3
    webidl-conversions: ^3.0.0
  checksum: b8daed4ad3356cc4899048a15b2c143a9aed0dfae1f611ebd55073310c7b910f522ad75d727346ad64203d7e6c79ef25eafd465f4d12775ca44b90fa82ed9e2c
  languageName: node
  linkType: hard

"wrappy@npm:1":
  version: 1.0.2
  resolution: "wrappy@npm:1.0.2"
  checksum: 159da4805f7e84a3d003d8841557196034155008f817172d4e986bd591f74aa82aa7db55929a54222309e01079a65a92a9e6414da5a6aa4b01ee44a511ac3ee5
  languageName: node
  linkType: hard

"ws@npm:^8.4.0":
  version: 8.5.0
  resolution: "ws@npm:8.5.0"
  peerDependencies:
    bufferutil: ^4.0.1
    utf-8-validate: ^5.0.2
  peerDependenciesMeta:
    bufferutil:
      optional: true
    utf-8-validate:
      optional: true
  checksum: 76f2f90e40344bf18fd544194e7067812fb1372b2a37865678d8f12afe4b478ff2ebc0c7c0aff82cd5e6b66fc43d889eec0f1865c2365d8f7a66d92da7744a77
  languageName: node
  linkType: hard

"zod@npm:^3.11.6":
  version: 3.13.4
  resolution: "zod@npm:3.13.4"
  checksum: 3db8e4d27e8d305eed44c3eaff3e67fa26e39ad0bf4f06dbafae6b6e6516bdcc5aafe342afeb81ba0386fa53373404a18f0371d41a3738f1f9b85d1321ee9724
  languageName: node
  linkType: hard
