# This file is generated by running "yarn install" inside your project.
# Manual changes might be lost - proceed with caution!

__metadata:
  version: 4
  cacheKey: 8

"@discordjs/builders@npm:^0.6.0":
  version: 0.6.0
  resolution: "@discordjs/builders@npm:0.6.0"
  dependencies:
    "@sindresorhus/is": ^4.0.1
    discord-api-types: ^0.22.0
    ow: ^0.27.0
    ts-mixer: ^6.0.0
    tslib: ^2.3.1
  checksum: a6f1517bc9c55a4156eaea8de25b0f8a064923ba93a366c6ba4ae8724a16b35918121759cb4d9097c76457f2d9f2cc583c39809f5ef5d69e11d607bb0fd1bb39
  languageName: node
  linkType: hard

"@discordjs/collection@npm:^0.2.1":
  version: 0.2.1
  resolution: "@discordjs/collection@npm:0.2.1"
  checksum: e68d4bbf83b03bc18c7648d0f5c5669d1f1a394596bc2fcbb907284cff65657b28dbf165a1b8ccae20b6bc0726bc8a0a276d8adba8f9413502bb19d61b98598f
  languageName: node
  linkType: hard

"@discordjs/form-data@npm:^3.0.1":
  version: 3.0.1
  resolution: "@discordjs/form-data@npm:3.0.1"
  dependencies:
    asynckit: ^0.4.0
    combined-stream: ^1.0.8
    mime-types: ^2.1.12
  checksum: 2b431b1a14f8ac521e1c13567856cef7e61e05aafe2721e03d9e074bb7e5f45c89fc123b126964943edf301ec612d04515dcf068ea9773a2e30a99a844c00603
  languageName: node
  linkType: hard

"@prisma/client@npm:^3.3.0":
  version: 3.3.0
  resolution: "@prisma/client@npm:3.3.0"
  dependencies:
    "@prisma/engines-version": 3.3.0-30.33838b0f78f1fe9052cf9a00e9761c9dc097a63c
  peerDependencies:
    prisma: "*"
  peerDependenciesMeta:
    prisma:
      optional: true
  checksum: ff6e489f5abc2382b25776235e84ffaf8aca0ff8c2ec1eef62cc1e6bdc6c740666fb117cfd70fc75e723a626ee63045230651f29dfd6dbf6be39445efcb769b2
  languageName: node
  linkType: hard

"@prisma/engines-version@npm:3.3.0-30.33838b0f78f1fe9052cf9a00e9761c9dc097a63c":
  version: 3.3.0-30.33838b0f78f1fe9052cf9a00e9761c9dc097a63c
  resolution: "@prisma/engines-version@npm:3.3.0-30.33838b0f78f1fe9052cf9a00e9761c9dc097a63c"
  checksum: df71f40c9c025ce67ccc0a0ae0fe75edd215a28f02278f5ac80a8eaae0cdec46958a16833ffddd9b447825f13968e519d911ece848b01c9280f67d9408ebd1c3
  languageName: node
  linkType: hard

"@prisma/engines@npm:3.3.0-30.33838b0f78f1fe9052cf9a00e9761c9dc097a63c":
  version: 3.3.0-30.33838b0f78f1fe9052cf9a00e9761c9dc097a63c
  resolution: "@prisma/engines@npm:3.3.0-30.33838b0f78f1fe9052cf9a00e9761c9dc097a63c"
  checksum: 3f1c233fd1e2306daa0a442477743d3fe96fe25d368b81be21da2e5c826c50667055adb2b9e7d9c71e9e07505d769dda9a7a3e11765aba932ee74c27e6b670f3
  languageName: node
  linkType: hard

"@sapphire/async-queue@npm:^1.1.5":
  version: 1.1.6
  resolution: "@sapphire/async-queue@npm:1.1.6"
  checksum: c0ecdd00f1d5ee8644e63ab63411aae12847f1c90200a7518e7d9e599402bce57a80dddbec5f78f02357a1eec2d542230a52e642ac5eb842343907c9c8097d75
  languageName: node
  linkType: hard

"@sapphire/decorators@npm:^3.1.2":
  version: 3.1.2
  resolution: "@sapphire/decorators@npm:3.1.2"
  dependencies:
    tslib: ^2.3.1
  checksum: a0c15c365db09f5ca26a360bc98a330a635115bf7c7289843ee17f30f0fa36bdf5669f9397db61ad763cd94217305de177285e4eb4985a6d9d02e9dd4bf6538a
  languageName: node
  linkType: hard

"@sapphire/discord-utilities@npm:^2.2.2":
  version: 2.2.2
  resolution: "@sapphire/discord-utilities@npm:2.2.2"
  dependencies:
    twemoji-parser: ^13.1.0
  checksum: 1536da4a0d5484ef629daa2973c596ef89ffce96c6b5ddb7af7bc1c027e83f714cb67cc34c7cc4ff9a2d48f984e13a810e2a5a6239c92b2bc9d150173058d272
  languageName: node
  linkType: hard

"@sapphire/discord.js-utilities@npm:^3.2.2":
  version: 3.2.2
  resolution: "@sapphire/discord.js-utilities@npm:3.2.2"
  dependencies:
    "@sapphire/discord-utilities": ^2.2.2
    "@sapphire/time-utilities": ^1.4.4
    "@sapphire/utilities": ^3.0.4
  checksum: 34338727587a306fe476493d86f39aa56552d97f156ea0fee10c8ca756061b91a2bb6888a1154c8ce3b0e476ef52560f6fa078ba61e91df36577346bd6dce53b
  languageName: node
  linkType: hard

"@sapphire/framework@npm:^2.1.3":
  version: 2.1.3
  resolution: "@sapphire/framework@npm:2.1.3"
  dependencies:
    "@sapphire/discord-utilities": ^2.2.2
    "@sapphire/discord.js-utilities": ^3.2.2
    "@sapphire/pieces": ^3.1.0
    "@sapphire/ratelimits": ^2.1.4
    "@sapphire/utilities": ^3.0.4
    lexure: ^0.17.0
    tslib: ^2.3.1
  checksum: 66df1d9939f69087e07185d0c325de16dcd89b7f17ccec9cd7ccd4d09eda2254cfda665f82fb16238cd31165260291bee0dc7ac3fb83d1517c0d3ec2cd835940
  languageName: node
  linkType: hard

"@sapphire/pieces@npm:^3.1.0":
  version: 3.1.0
  resolution: "@sapphire/pieces@npm:3.1.0"
  dependencies:
    "@discordjs/collection": ^0.2.1
    "@sapphire/utilities": ^3.0.3
    tslib: ^2.3.1
  checksum: 53be335ed46aa58bf705a2d6fc913752f16f9476b1eec51dc6090d756b0e3e39cb790811839d9ff8003dfa7cb9139d76d251b60719b367c35a22f2d096b34180
  languageName: node
  linkType: hard

"@sapphire/ratelimits@npm:^2.1.4":
  version: 2.1.4
  resolution: "@sapphire/ratelimits@npm:2.1.4"
  dependencies:
    "@sapphire/time-utilities": ^1.4.4
  checksum: 9bae33d0fea72c6bae748ea439e11bb84cf6e188889f50429e8353a9590a00afbc27d933abdd8288dd1e71987689050d41af726a6ca395e6b19a8834cc6a1e29
  languageName: node
  linkType: hard

"@sapphire/time-utilities@npm:^1.4.4":
  version: 1.4.4
  resolution: "@sapphire/time-utilities@npm:1.4.4"
  dependencies:
    "@sapphire/utilities": ^3.0.4
  checksum: 0c3e72f2fb084d7a7fece0ce6aa3fba553e0de1c84bb7985dcf666488582ae1e65910fa260ff0df68f15c27276551feb1b7857f5ca8fa336755ef432904118f0
  languageName: node
  linkType: hard

"@sapphire/utilities@npm:^3.0.3":
  version: 3.0.3
  resolution: "@sapphire/utilities@npm:3.0.3"
  checksum: 21fca640a8e0de16f00b0d1f057683aed9e8a03e56320295d410aa5bcf74a9f873c45622bfcdda42092975b858565709c52eac93a0298b14d109d77a84d96736
  languageName: node
  linkType: hard

"@sapphire/utilities@npm:^3.0.4":
  version: 3.0.4
  resolution: "@sapphire/utilities@npm:3.0.4"
  checksum: 3a0026b3888c655f26f0616fe899573d3864b49fa032e019f15c79e837c639779b547e25386cbd5244008b910009e84a202dd97b64877c72382cb39563c75dba
  languageName: node
  linkType: hard

"@sindresorhus/is@npm:^4.0.1":
  version: 4.2.0
  resolution: "@sindresorhus/is@npm:4.2.0"
  checksum: 59040dfb75c2eb6ab76e8c7ac10b7f7f6ba740f0b5ac618a89a8bcdbaf923836a8e998078d59d81f6f13f4b6bbe15bfe1bca962c877edcbe9160d1c100c56fd7
  languageName: node
  linkType: hard

"@types/glob@npm:*":
  version: 7.1.4
  resolution: "@types/glob@npm:7.1.4"
  dependencies:
    "@types/minimatch": "*"
    "@types/node": "*"
  checksum: 6911a956448f5eddea1e4371f814bf92072e8ceedba83de6ce2a6745938a6f0327376e1c0072fa0d7b3b73d84e255aafda53c1dff148225cfe542a8cc5d54b02
  languageName: node
  linkType: hard

"@types/minimatch@npm:*":
  version: 3.0.5
  resolution: "@types/minimatch@npm:3.0.5"
  checksum: c41d136f67231c3131cf1d4ca0b06687f4a322918a3a5adddc87ce90ed9dbd175a3610adee36b106ae68c0b92c637c35e02b58c8a56c424f71d30993ea220b92
  languageName: node
  linkType: hard

"@types/node@npm:*":
  version: 16.11.0
  resolution: "@types/node@npm:16.11.0"
  checksum: 194ae80ec72f664e15e03c33f116be96aa1e85b167a19e31003c53ddfc36dabd65744e9a76c1d46b7ce2e5981d2ccb8e84a85c3ec9ac89f1471daaa885bdcfd0
  languageName: node
  linkType: hard

"@types/rimraf@npm:^3.0.2":
  version: 3.0.2
  resolution: "@types/rimraf@npm:3.0.2"
  dependencies:
    "@types/glob": "*"
    "@types/node": "*"
  checksum: b47fa302f46434cba704d20465861ad250df79467d3d289f9d6490d3aeeb41e8cb32dd80bd1a8fd833d1e185ac719fbf9be12e05ad9ce9be094d8ee8f1405347
  languageName: node
  linkType: hard

"@types/ws@npm:^8.2.0":
  version: 8.2.0
  resolution: "@types/ws@npm:8.2.0"
  dependencies:
    "@types/node": "*"
  checksum: fb2f1cc1bc294607cf737a998a04d4eaca78b0a183905b879849c0e009f47ff4adaa6cbc7d9ac2d2ecc61652c8367e0f8bb02aab0af67a82e8c922746e96434b
  languageName: node
  linkType: hard

"asynckit@npm:^0.4.0":
  version: 0.4.0
  resolution: "asynckit@npm:0.4.0"
  checksum: 7b78c451df768adba04e2d02e63e2d0bf3b07adcd6e42b4cf665cb7ce899bedd344c69a1dcbce355b5f972d597b25aaa1c1742b52cffd9caccb22f348114f6be
  languageName: node
  linkType: hard

"balanced-match@npm:^1.0.0":
  version: 1.0.2
  resolution: "balanced-match@npm:1.0.2"
  checksum: 9706c088a283058a8a99e0bf91b0a2f75497f185980d9ffa8b304de1d9e58ebda7c72c07ebf01dadedaac5b2907b2c6f566f660d62bd336c3468e960403b9d65
  languageName: node
  linkType: hard

"brace-expansion@npm:^1.1.7":
  version: 1.1.11
  resolution: "brace-expansion@npm:1.1.11"
  dependencies:
    balanced-match: ^1.0.0
    concat-map: 0.0.1
  checksum: faf34a7bb0c3fcf4b59c7808bc5d2a96a40988addf2e7e09dfbb67a2251800e0d14cd2bfc1aa79174f2f5095c54ff27f46fb1289fe2d77dac755b5eb3434cc07
  languageName: node
  linkType: hard

"callsites@npm:^3.1.0":
  version: 3.1.0
  resolution: "callsites@npm:3.1.0"
  checksum: 072d17b6abb459c2ba96598918b55868af677154bec7e73d222ef95a8fdb9bbf7dae96a8421085cdad8cd190d86653b5b6dc55a4484f2e5b2e27d5e0c3fc15b3
  languageName: node
  linkType: hard

"combined-stream@npm:^1.0.8":
  version: 1.0.8
  resolution: "combined-stream@npm:1.0.8"
  dependencies:
    delayed-stream: ~1.0.0
  checksum: 49fa4aeb4916567e33ea81d088f6584749fc90c7abec76fd516bf1c5aa5c79f3584b5ba3de6b86d26ddd64bae5329c4c7479343250cfe71c75bb366eae53bb7c
  languageName: node
  linkType: hard

"concat-map@npm:0.0.1":
  version: 0.0.1
  resolution: "concat-map@npm:0.0.1"
  checksum: 902a9f5d8967a3e2faf138d5cb784b9979bad2e6db5357c5b21c568df4ebe62bcb15108af1b2253744844eb964fc023fbd9afbbbb6ddd0bcc204c6fb5b7bf3af
  languageName: node
  linkType: hard

"delayed-stream@npm:~1.0.0":
  version: 1.0.0
  resolution: "delayed-stream@npm:1.0.0"
  checksum: 46fe6e83e2cb1d85ba50bd52803c68be9bd953282fa7096f51fc29edd5d67ff84ff753c51966061e5ba7cb5e47ef6d36a91924eddb7f3f3483b1c560f77a0020
  languageName: node
  linkType: hard

"discord-api-types@npm:^0.22.0":
  version: 0.22.0
  resolution: "discord-api-types@npm:0.22.0"
  checksum: 673bcd960e394d8a3752bb03d50de44e74d508450e3d2cce947a69e0a6dc43c00196e18245c88dd26f3a8b0a56b40e0dbf52e058b7aabc7ed77f0f018003cb04
  languageName: node
  linkType: hard

"discord-api-types@npm:^0.23.1":
  version: 0.23.1
  resolution: "discord-api-types@npm:0.23.1"
  checksum: e2ea574d51bff9f74770194338ba2b981072c6814a4da4c1e9a6b09b5b6bcf4ecf9044397fd4d2d3bf245f7573f22f1c25ff3f57cfc23ed87dfee4629091c29d
  languageName: node
  linkType: hard

"discord.js@npm:^13.2.0":
  version: 13.2.0
  resolution: "discord.js@npm:13.2.0"
  dependencies:
    "@discordjs/builders": ^0.6.0
    "@discordjs/collection": ^0.2.1
    "@discordjs/form-data": ^3.0.1
    "@sapphire/async-queue": ^1.1.5
    "@types/ws": ^8.2.0
    discord-api-types: ^0.23.1
    node-fetch: ^2.6.1
    ws: ^8.2.3
  checksum: 6134817e33e25b30b7ff76a940938450bed6061b55d0fa377469e2f867cacfcb857c631ebd9bc7b3c425e91747eb976c7408a275d35d202479b0704beaf15140
  languageName: node
  linkType: hard

"dot-prop@npm:^6.0.1":
  version: 6.0.1
  resolution: "dot-prop@npm:6.0.1"
  dependencies:
    is-obj: ^2.0.0
  checksum: 0f47600a4b93e1dc37261da4e6909652c008832a5d3684b5bf9a9a0d3f4c67ea949a86dceed9b72f5733ed8e8e6383cc5958df3bbd0799ee317fd181f2ece700
  languageName: node
  linkType: hard

"dotenv@npm:^10.0.0":
  version: 10.0.0
  resolution: "dotenv@npm:10.0.0"
  checksum: f412c5fe8c24fbe313d302d2500e247ba8a1946492db405a4de4d30dd0eb186a88a43f13c958c5a7de303938949c4231c56994f97d05c4bc1f22478d631b4005
  languageName: node
  linkType: hard

"eventemitter3@npm:^4.0.7":
  version: 4.0.7
  resolution: "eventemitter3@npm:4.0.7"
  checksum: 1875311c42fcfe9c707b2712c32664a245629b42bb0a5a84439762dd0fd637fc54d078155ea83c2af9e0323c9ac13687e03cfba79b03af9f40c89b4960099374
  languageName: node
  linkType: hard

"fs.realpath@npm:^1.0.0":
  version: 1.0.0
  resolution: "fs.realpath@npm:1.0.0"
  checksum: 99ddea01a7e75aa276c250a04eedeffe5662bce66c65c07164ad6264f9de18fb21be9433ead460e54cff20e31721c811f4fb5d70591799df5f85dce6d6746fd0
  languageName: node
  linkType: hard

"glob@npm:^7.1.3":
  version: 7.2.0
  resolution: "glob@npm:7.2.0"
  dependencies:
    fs.realpath: ^1.0.0
    inflight: ^1.0.4
    inherits: 2
    minimatch: ^3.0.4
    once: ^1.3.0
    path-is-absolute: ^1.0.0
  checksum: 78a8ea942331f08ed2e055cb5b9e40fe6f46f579d7fd3d694f3412fe5db23223d29b7fee1575440202e9a7ff9a72ab106a39fee39934c7bedafe5e5f8ae20134
  languageName: node
  linkType: hard

"inflight@npm:^1.0.4":
  version: 1.0.6
  resolution: "inflight@npm:1.0.6"
  dependencies:
    once: ^1.3.0
    wrappy: 1
  checksum: f4f76aa072ce19fae87ce1ef7d221e709afb59d445e05d47fba710e85470923a75de35bfae47da6de1b18afc3ce83d70facf44cfb0aff89f0a3f45c0a0244dfd
  languageName: node
  linkType: hard

"inherits@npm:2":
  version: 2.0.4
  resolution: "inherits@npm:2.0.4"
  checksum: 4a48a733847879d6cf6691860a6b1e3f0f4754176e4d71494c41f3475553768b10f84b5ce1d40fbd0e34e6bfbb864ee35858ad4dd2cf31e02fc4a154b724d7f1
  languageName: node
  linkType: hard

"is-obj@npm:^2.0.0":
  version: 2.0.0
  resolution: "is-obj@npm:2.0.0"
  checksum: c9916ac8f4621962a42f5e80e7ffdb1d79a3fab7456ceaeea394cd9e0858d04f985a9ace45be44433bf605673c8be8810540fe4cc7f4266fc7526ced95af5a08
  languageName: node
  linkType: hard

"lexure@npm:^0.17.0":
  version: 0.17.0
  resolution: "lexure@npm:0.17.0"
  checksum: 95797b0ada9452bcdfdd30997572ab1673de1b2583a5af2fa309aa3587ec3b95ba361880b333ed446a6b0f07764b6d8d2cf1d72083c61fa9f96c06181f194453
  languageName: node
  linkType: hard

"lodash.isequal@npm:^4.5.0":
  version: 4.5.0
  resolution: "lodash.isequal@npm:4.5.0"
  checksum: da27515dc5230eb1140ba65ff8de3613649620e8656b19a6270afe4866b7bd461d9ba2ac8a48dcc57f7adac4ee80e1de9f965d89d4d81a0ad52bb3eec2609644
  languageName: node
  linkType: hard

"mime-db@npm:1.50.0":
  version: 1.50.0
  resolution: "mime-db@npm:1.50.0"
  checksum: 95fcc19c3664ae72391c8a7e4015dde7fb6817c98c951493ca3a1d48050feb8ee08810a372ce7d9e16310042d26e5bda168916f600583a9a583655eeea8ff5f5
  languageName: node
  linkType: hard

"mime-types@npm:^2.1.12":
  version: 2.1.33
  resolution: "mime-types@npm:2.1.33"
  dependencies:
    mime-db: 1.50.0
  checksum: 05f2a0b3f169fbc51d79bdc7674ceb379dd07dbeadb0143059a7def865224686ee9f9051aeb340e98b6c11dbc06794ce0122181db4312cb1ad054fd90b0d510e
  languageName: node
  linkType: hard

"minimatch@npm:^3.0.4":
  version: 3.0.4
  resolution: "minimatch@npm:3.0.4"
  dependencies:
    brace-expansion: ^1.1.7
  checksum: 66ac295f8a7b59788000ea3749938b0970344c841750abd96694f80269b926ebcafad3deeb3f1da2522978b119e6ae3a5869b63b13a7859a456b3408bd18a078
  languageName: node
  linkType: hard

"node-fetch@npm:^2.6.1":
  version: 2.6.5
  resolution: "node-fetch@npm:2.6.5"
  dependencies:
    whatwg-url: ^5.0.0
  checksum: 4e83db450718e70762882f00d96f647a7f2f3170035225934ddd5450cb1d91ef339ceb180d3687bcb0a6ed78c3fa5636ce8d3e44ec81ab59e0224ebf8965f65f
  languageName: node
  linkType: hard

"once@npm:^1.3.0":
  version: 1.4.0
  resolution: "once@npm:1.4.0"
  dependencies:
    wrappy: 1
  checksum: cd0a88501333edd640d95f0d2700fbde6bff20b3d4d9bdc521bdd31af0656b5706570d6c6afe532045a20bb8dc0849f8332d6f2a416e0ba6d3d3b98806c7db68
  languageName: node
  linkType: hard

"ow@npm:^0.27.0":
  version: 0.27.0
  resolution: "ow@npm:0.27.0"
  dependencies:
    "@sindresorhus/is": ^4.0.1
    callsites: ^3.1.0
    dot-prop: ^6.0.1
    lodash.isequal: ^4.5.0
    type-fest: ^1.2.1
    vali-date: ^1.0.0
  checksum: bffd6fa43d004163bab9821fae4d2eceee92d70059ba2a5dca1ad7497cd167554224a7efab3d41476112fbab4714afa99b8866506e8b9bad5d690cf967146332
  languageName: node
  linkType: hard

"p-queue@npm:^7.1.0":
  version: 7.1.0
  resolution: "p-queue@npm:7.1.0"
  dependencies:
    eventemitter3: ^4.0.7
    p-timeout: ^5.0.0
  checksum: 4b6aabb477cf3b018ea4b3523d1b1b6920a3f213143ee6a4043297c2ee41ea4f1239d12214cfc9699e24938462bb04d2b585256e4fe33fbffd42da3be0aae2da
  languageName: node
  linkType: hard

"p-timeout@npm:^5.0.0":
  version: 5.0.1
  resolution: "p-timeout@npm:5.0.1"
  checksum: dfd30d70c424ace854a33c4bdd2a0d91838f65d2cb63805cbbcd2b24431f3efc462caa9492a77716895d09aed5641577bcf2afb6fdce52a41bca58687e04ab43
  languageName: node
  linkType: hard

"parse-ms@npm:^2.1.0":
  version: 2.1.0
  resolution: "parse-ms@npm:2.1.0"
  checksum: d5c66c76cca8df5bd0574e2d11b9c3752893b59b466e74308d4a2f09760dc5436a1633f549cad300fc8c3c19154d14959a3b8333d3b2f7bd75898fe18149d564
  languageName: node
  linkType: hard

"path-is-absolute@npm:^1.0.0":
  version: 1.0.1
  resolution: "path-is-absolute@npm:1.0.1"
  checksum: 060840f92cf8effa293bcc1bea81281bd7d363731d214cbe5c227df207c34cd727430f70c6037b5159c8a870b9157cba65e775446b0ab06fd5ecc7e54615a3b8
  languageName: node
  linkType: hard

"pretty-ms@npm:^7.0.1":
  version: 7.0.1
  resolution: "pretty-ms@npm:7.0.1"
  dependencies:
    parse-ms: ^2.1.0
  checksum: d76c4920283b48be91f1d3797a2ce4bd51187d58d2a609ae993c028f73c92d16439449d857af57ccad91ae3a38b30c87307f5589749a056102ebb494c686957e
  languageName: node
  linkType: hard

"prisma@npm:^3.3.0":
  version: 3.3.0
  resolution: "prisma@npm:3.3.0"
  dependencies:
    "@prisma/engines": 3.3.0-30.33838b0f78f1fe9052cf9a00e9761c9dc097a63c
  bin:
    prisma: build/index.js
    prisma2: build/index.js
  checksum: 68e4712d659ad660ff526d2ab6cd51b32e054d12e3229d07e73bb9cbf6e96ec81b46120a0df06637329d1ae41f3793291474b8c1c37106ae9b78f6b938171ab2
  languageName: node
  linkType: hard

"rimraf@npm:^3.0.2":
  version: 3.0.2
  resolution: "rimraf@npm:3.0.2"
  dependencies:
    glob: ^7.1.3
  bin:
    rimraf: bin.js
  checksum: 87f4164e396f0171b0a3386cc1877a817f572148ee13a7e113b238e48e8a9f2f31d009a92ec38a591ff1567d9662c6b67fd8818a2dbbaed74bc26a87a2a4a9a0
  languageName: node
  linkType: hard

"sakura@workspace:.":
  version: 0.0.0-use.local
  resolution: "sakura@workspace:."
  dependencies:
    "@prisma/client": ^3.3.0
    "@sapphire/decorators": ^3.1.2
    "@sapphire/framework": ^2.1.3
    "@types/rimraf": ^3.0.2
    discord.js: ^13.2.0
    dotenv: ^10.0.0
    p-queue: ^7.1.0
    pretty-ms: ^7.0.1
    prisma: ^3.3.0
    rimraf: ^3.0.2
    typescript: beta
  languageName: unknown
  linkType: soft

"tr46@npm:~0.0.3":
  version: 0.0.3
  resolution: "tr46@npm:0.0.3"
  checksum: 726321c5eaf41b5002e17ffbd1fb7245999a073e8979085dacd47c4b4e8068ff5777142fc6726d6ca1fd2ff16921b48788b87225cbc57c72636f6efa8efbffe3
  languageName: node
  linkType: hard

"ts-mixer@npm:^6.0.0":
  version: 6.0.0
  resolution: "ts-mixer@npm:6.0.0"
  checksum: 791a513c9ca318a979928f5265fd6029858fa21595153a9386063c11239a6b1c352db1e277c19f0544d017a67cf78d120a7438b86b2c828b1115eb607538eff8
  languageName: node
  linkType: hard

"tslib@npm:^2.3.1":
  version: 2.3.1
  resolution: "tslib@npm:2.3.1"
  checksum: de17a98d4614481f7fcb5cd53ffc1aaf8654313be0291e1bfaee4b4bb31a20494b7d218ff2e15017883e8ea9626599b3b0e0229c18383ba9dce89da2adf15cb9
  languageName: node
  linkType: hard

"twemoji-parser@npm:^13.1.0":
  version: 13.1.0
  resolution: "twemoji-parser@npm:13.1.0"
  checksum: 8046ce003c03dd92d68c2648cfbfa39c659fca4f05c10da8d14957985dc3c0c680f3ecf2de8245dc1ddffedc5b2a675f2032053e1e77cc7474301a88fe192ad3
  languageName: node
  linkType: hard

"type-fest@npm:^1.2.1":
  version: 1.4.0
  resolution: "type-fest@npm:1.4.0"
  checksum: b011c3388665b097ae6a109a437a04d6f61d81b7357f74cbcb02246f2f5bd72b888ae33631b99871388122ba0a87f4ff1c94078e7119ff22c70e52c0ff828201
  languageName: node
  linkType: hard

typescript@beta:
  version: 4.5.0-beta
  resolution: "typescript@npm:4.5.0-beta"
  bin:
    tsc: bin/tsc
    tsserver: bin/tsserver
  checksum: 5d46c5d8eed36f1c067397907eacd748c41013e69dc50fc059f2d9d94d7f75b16bef760e965054d8f99e0c0f13235c3aaf8002f9ce775f98da7498078937c48d
  languageName: node
  linkType: hard

"typescript@patch:typescript@beta#~builtin<compat/typescript>":
  version: 4.5.0-beta
  resolution: "typescript@patch:typescript@npm%3A4.5.0-beta#~builtin<compat/typescript>::version=4.5.0-beta&hash=32657b"
  bin:
    tsc: bin/tsc
    tsserver: bin/tsserver
  checksum: 9a0c67519e7585034dffb9298d976f431b8dd9ceb0dcb76343fd40d798c642eaf586e9455d056d270d99565569f513b0646d7e58590d939ea49b78be9955d1e1
  languageName: node
  linkType: hard

"vali-date@npm:^1.0.0":
  version: 1.0.0
  resolution: "vali-date@npm:1.0.0"
  checksum: 6464369cb77003a966591f2bd17b7c938c480956992e254b3455fd1651a3b7633e23aac8a03b974bbdfbd2357da52b98d46357bb6f292ffd28768a6d3959e61e
  languageName: node
  linkType: hard

"webidl-conversions@npm:^3.0.0":
  version: 3.0.1
  resolution: "webidl-conversions@npm:3.0.1"
  checksum: c92a0a6ab95314bde9c32e1d0a6dfac83b578f8fa5f21e675bc2706ed6981bc26b7eb7e6a1fab158e5ce4adf9caa4a0aee49a52505d4d13c7be545f15021b17c
  languageName: node
  linkType: hard

"whatwg-url@npm:^5.0.0":
  version: 5.0.0
  resolution: "whatwg-url@npm:5.0.0"
  dependencies:
    tr46: ~0.0.3
    webidl-conversions: ^3.0.0
  checksum: b8daed4ad3356cc4899048a15b2c143a9aed0dfae1f611ebd55073310c7b910f522ad75d727346ad64203d7e6c79ef25eafd465f4d12775ca44b90fa82ed9e2c
  languageName: node
  linkType: hard

"wrappy@npm:1":
  version: 1.0.2
  resolution: "wrappy@npm:1.0.2"
  checksum: 159da4805f7e84a3d003d8841557196034155008f817172d4e986bd591f74aa82aa7db55929a54222309e01079a65a92a9e6414da5a6aa4b01ee44a511ac3ee5
  languageName: node
  linkType: hard

"ws@npm:^8.2.3":
  version: 8.2.3
  resolution: "ws@npm:8.2.3"
  peerDependencies:
    bufferutil: ^4.0.1
    utf-8-validate: ^5.0.2
  peerDependenciesMeta:
    bufferutil:
      optional: true
    utf-8-validate:
      optional: true
  checksum: c869296ccb45f218ac6d32f8f614cd85b50a21fd434caf11646008eef92173be53490810c5c23aea31bc527902261fbfd7b062197eea341b26128d4be56a85e4
  languageName: node
  linkType: hard
